
Microsoft Visual Studio Solution File, Format Version 12.00
# Visual Studio Version 17
VisualStudioVersion = 17.9.34902.65
MinimumVisualStudioVersion = 10.0.40219.1
Project("{FAE04EC0-301F-11D3-BF4B-00C04F79EFBC}") = "ProyectoMatricula", "ProyectoMatricula\ProyectoMatricula.csproj", "{AC753203-51B1-43CB-9B58-09421F606E1A}"
EndProject
Global
	GlobalSection(SolutionConfigurationPlatforms) = preSolution
		Debug|Any CPU = Debug|Any CPU
		Release|Any CPU = Release|Any CPU
	EndGlobalSection
	GlobalSection(ProjectConfigurationPlatforms) = postSolution
		{AC753203-51B1-43CB-9B58-09421F606E1A}.Debug|Any CPU.ActiveCfg = Debug|Any CPU
		{AC753203-51B1-43CB-9B58-09421F606E1A}.Debug|Any CPU.Build.0 = Debug|Any CPU
		{AC753203-51B1-43CB-9B58-09421F606E1A}.Release|Any CPU.ActiveCfg = Release|Any CPU
		{AC753203-51B1-43CB-9B58-09421F606E1A}.Release|Any CPU.Build.0 = Release|Any CPU
	EndGlobalSection
	GlobalSection(SolutionProperties) = preSolution
		HideSolutionNode = FALSE
	EndGlobalSection
	GlobalSection(ExtensibilityGlobals) = postSolution
		SolutionGuid = {9C4FF1B3-CB0C-4A20-8413-F2B26C06CD5C}
	EndGlobalSection
EndGlobal
